
Microsoft Visual Studio Solution File, Format Version 12.00
# Visual Studio 14
VisualStudioVersion = 14.0.23107.0
MinimumVisualStudioVersion = 10.0.40219.1
Project("{FAE04EC0-301F-11D3-BF4B-00C04F79EFBC}") = "WingtipToys", "WingtipToys\WingtipToys.csproj", "{3F8458A7-02DD-4B8C-B4E0-F6132D51ADDD}"
EndProject
Project("{FAE04EC0-301F-11D3-BF4B-00C04F79EFBC}") = "UnitTestHallMark", "UnitTestProject1\UnitTestHallMark.csproj", "{AC5E86D0-0903-48FD-8C1D-96284C197541}"
EndProject
Project("{FAE04EC0-301F-11D3-BF4B-00C04F79EFBC}") = "HallMarkTest", "HallMarkTest\HallMarkTest.csproj", "{BA78ECE9-3B81-429C-86A4-060CD6027D29}"
EndProject
Global
	GlobalSection(SolutionConfigurationPlatforms) = preSolution
		Debug|Any CPU = Debug|Any CPU
		Release|Any CPU = Release|Any CPU
	EndGlobalSection
	GlobalSection(ProjectConfigurationPlatforms) = postSolution
		{3F8458A7-02DD-4B8C-B4E0-F6132D51ADDD}.Debug|Any CPU.ActiveCfg = Debug|Any CPU
		{3F8458A7-02DD-4B8C-B4E0-F6132D51ADDD}.Debug|Any CPU.Build.0 = Debug|Any CPU
		{3F8458A7-02DD-4B8C-B4E0-F6132D51ADDD}.Release|Any CPU.ActiveCfg = Release|Any CPU
		{3F8458A7-02DD-4B8C-B4E0-F6132D51ADDD}.Release|Any CPU.Build.0 = Release|Any CPU
		{AC5E86D0-0903-48FD-8C1D-96284C197541}.Debug|Any CPU.ActiveCfg = Debug|Any CPU
		{AC5E86D0-0903-48FD-8C1D-96284C197541}.Debug|Any CPU.Build.0 = Debug|Any CPU
		{AC5E86D0-0903-48FD-8C1D-96284C197541}.Release|Any CPU.ActiveCfg = Release|Any CPU
		{AC5E86D0-0903-48FD-8C1D-96284C197541}.Release|Any CPU.Build.0 = Release|Any CPU
		{BA78ECE9-3B81-429C-86A4-060CD6027D29}.Debug|Any CPU.ActiveCfg = Debug|Any CPU
		{BA78ECE9-3B81-429C-86A4-060CD6027D29}.Debug|Any CPU.Build.0 = Debug|Any CPU
		{BA78ECE9-3B81-429C-86A4-060CD6027D29}.Release|Any CPU.ActiveCfg = Release|Any CPU
		{BA78ECE9-3B81-429C-86A4-060CD6027D29}.Release|Any CPU.Build.0 = Release|Any CPU
	EndGlobalSection
	GlobalSection(SolutionProperties) = preSolution
		HideSolutionNode = FALSE
	EndGlobalSection
EndGlobal
